# This file is automatically @generated by Poetry 1.4.1 and should not be changed by hand.

[[package]]
name = "mysql"
version = "0.0.3"
description = "Virtual package for MySQL-python"
category = "main"
optional = false
python-versions = "*"
files = [
    {file = "mysql-0.0.3-py3-none-any.whl", hash = "sha256:8893cb143a5ac525c49ef358a23b8a0dc9721a95646f7bab6ca2f384c18a6a9a"},
    {file = "mysql-0.0.3.tar.gz", hash = "sha256:fd7bae7d7301ce7cd3932e5ff7f77bbc8e34872108252866e08d16d6b8e8de8c"},
]

[package.dependencies]
mysqlclient = "*"

[[package]]
name = "mysqlclient"
version = "2.1.1"
description = "Python interface to MySQL"
category = "main"
optional = false
python-versions = ">=3.5"
files = [
    {file = "mysqlclient-2.1.1-cp310-cp310-win_amd64.whl", hash = "sha256:c1ed71bd6244993b526113cca3df66428609f90e4652f37eb51c33496d478b37"},
    {file = "mysqlclient-2.1.1-cp311-cp311-win_amd64.whl", hash = "sha256:c812b67e90082a840efb82a8978369e6e69fc62ce1bda4ca8f3084a9d862308b"},
    {file = "mysqlclient-2.1.1-cp38-cp38-win_amd64.whl", hash = "sha256:0d1cd3a5a4d28c222fa199002810e8146cffd821410b67851af4cc80aeccd97c"},
    {file = "mysqlclient-2.1.1-cp39-cp39-win_amd64.whl", hash = "sha256:b355c8b5a7d58f2e909acdbb050858390ee1b0e13672ae759e5e784110022994"},
    {file = "mysqlclient-2.1.1-pp38-pypy38_pp73-win_amd64.whl", hash = "sha256:996924f3483fd36a34a5812210c69e71dea5a3d5978d01199b78b7f6d485c855"},
    {file = "mysqlclient-2.1.1-pp39-pypy39_pp73-win_amd64.whl", hash = "sha256:dea88c8d3f5a5d9293dfe7f087c16dd350ceb175f2f6631c9cf4caf3e19b7a96"},
    {file = "mysqlclient-2.1.1.tar.gz", hash = "sha256:828757e419fb11dd6c5ed2576ec92c3efaa93a0f7c39e263586d1ee779c3d782"},
]

[[package]]
name = "secure-smtplib"
version = "0.1.1"
description = "Secure SMTP subclasses for Python 2"
category = "main"
optional = false
python-versions = "*"
files = [
    {file = "secure-smtplib-0.1.1.tar.gz", hash = "sha256:3d4903f6612626ccd9b77ef05313cb3c3952a59a4d756cda2377b272fabad8b9"},
    {file = "secure_smtplib-0.1.1-py2.py3-none-any.whl", hash = "sha256:645ea0a341f306fa3307c8fe1169765c417ff363db9946fa69f3669a9b718069"},
]

[[package]]
name = "ssl"
version = "1.16"
description = "SSL wrapper for socket objects (2.3, 2.4, 2.5 compatible)"
category = "main"
optional = false
python-versions = "*"
files = [
    {file = "ssl-1.16.tar.gz", hash = "sha256:ac21156fee6aee9eb8d765bbb16f5f49492d81ff4b22f7b8fc001d2251120930"},
]

[metadata]
lock-version = "2.0"
python-versions = "^3.9.13"
content-hash = "98fc74bacb1d619b91e73073f6a8c696f4a5ae57f91bb72f44a2f55d3e2a766b"
